
Microsoft Visual Studio Solution File, Format Version 12.00
# Visual Studio Version 17
VisualStudioVersion = 17.3.32922.545
MinimumVisualStudioVersion = 10.0.40219.1
Project("{FAE04EC0-301F-11D3-BF4B-00C04F79EFBC}") = "Лаба_4", "Лаба_4.csproj", "{0A0B9036-71C4-448E-B82E-BCE68846C9EA}"
EndProject
Project("{FAE04EC0-301F-11D3-BF4B-00C04F79EFBC}") = "UnitTestProject1", "..\UnitTestProject1\UnitTestProject1.csproj", "{2A61586A-FA61-4E7D-B1F9-DC94E297E66A}"
EndProject
Global
	GlobalSection(SolutionConfigurationPlatforms) = preSolution
		Debug|Any CPU = Debug|Any CPU
		Release|Any CPU = Release|Any CPU
	EndGlobalSection
	GlobalSection(ProjectConfigurationPlatforms) = postSolution
		{0A0B9036-71C4-448E-B82E-BCE68846C9EA}.Debug|Any CPU.ActiveCfg = Debug|Any CPU
		{0A0B9036-71C4-448E-B82E-BCE68846C9EA}.Debug|Any CPU.Build.0 = Debug|Any CPU
		{0A0B9036-71C4-448E-B82E-BCE68846C9EA}.Release|Any CPU.ActiveCfg = Release|Any CPU
		{0A0B9036-71C4-448E-B82E-BCE68846C9EA}.Release|Any CPU.Build.0 = Release|Any CPU
		{2A61586A-FA61-4E7D-B1F9-DC94E297E66A}.Debug|Any CPU.ActiveCfg = Debug|Any CPU
		{2A61586A-FA61-4E7D-B1F9-DC94E297E66A}.Debug|Any CPU.Build.0 = Debug|Any CPU
		{2A61586A-FA61-4E7D-B1F9-DC94E297E66A}.Release|Any CPU.ActiveCfg = Release|Any CPU
		{2A61586A-FA61-4E7D-B1F9-DC94E297E66A}.Release|Any CPU.Build.0 = Release|Any CPU
	EndGlobalSection
	GlobalSection(SolutionProperties) = preSolution
		HideSolutionNode = FALSE
	EndGlobalSection
	GlobalSection(ExtensibilityGlobals) = postSolution
		SolutionGuid = {CC6FA23D-6911-4CAD-8E12-7EB5165A6A01}
	EndGlobalSection
EndGlobal
